
Microsoft Visual Studio Solution File, Format Version 12.00
# Visual Studio 2012
Project("{FAE04EC0-301F-11D3-BF4B-00C04F79EFBC}") = "Core", "Core\Core.csproj", "{5437E353-862B-46CD-BA45-A99ECF05FCA5}"
EndProject
Project("{FAE04EC0-301F-11D3-BF4B-00C04F79EFBC}") = "Survey.DomainEventHandler", "Survey.DomainEventHandler\Survey.DomainEventHandler.csproj", "{47A6ECF1-4E60-49FA-B3B2-F5DB19638AF2}"
EndProject
Project("{FAE04EC0-301F-11D3-BF4B-00C04F79EFBC}") = "Survey.FrontEnd", "Survey.FrontEnd\Survey.FrontEnd.csproj", "{23FB36C0-3A5B-4E3F-96F8-BB923417AC10}"
EndProject
Project("{FAE04EC0-301F-11D3-BF4B-00C04F79EFBC}") = "Survey.Tests", "Survey.Tests\Survey.Tests.csproj", "{303BC29E-DD8B-4F20-A90A-106849D43A6B}"
EndProject
Global
	GlobalSection(SolutionConfigurationPlatforms) = preSolution
		Debug|Any CPU = Debug|Any CPU
		Release|Any CPU = Release|Any CPU
	EndGlobalSection
	GlobalSection(ProjectConfigurationPlatforms) = postSolution
		{5437E353-862B-46CD-BA45-A99ECF05FCA5}.Debug|Any CPU.ActiveCfg = Debug|Any CPU
		{5437E353-862B-46CD-BA45-A99ECF05FCA5}.Debug|Any CPU.Build.0 = Debug|Any CPU
		{5437E353-862B-46CD-BA45-A99ECF05FCA5}.Release|Any CPU.ActiveCfg = Release|Any CPU
		{5437E353-862B-46CD-BA45-A99ECF05FCA5}.Release|Any CPU.Build.0 = Release|Any CPU
		{47A6ECF1-4E60-49FA-B3B2-F5DB19638AF2}.Debug|Any CPU.ActiveCfg = Debug|Any CPU
		{47A6ECF1-4E60-49FA-B3B2-F5DB19638AF2}.Debug|Any CPU.Build.0 = Debug|Any CPU
		{47A6ECF1-4E60-49FA-B3B2-F5DB19638AF2}.Release|Any CPU.ActiveCfg = Release|Any CPU
		{47A6ECF1-4E60-49FA-B3B2-F5DB19638AF2}.Release|Any CPU.Build.0 = Release|Any CPU
		{23FB36C0-3A5B-4E3F-96F8-BB923417AC10}.Debug|Any CPU.ActiveCfg = Debug|Any CPU
		{23FB36C0-3A5B-4E3F-96F8-BB923417AC10}.Debug|Any CPU.Build.0 = Debug|Any CPU
		{23FB36C0-3A5B-4E3F-96F8-BB923417AC10}.Release|Any CPU.ActiveCfg = Release|Any CPU
		{23FB36C0-3A5B-4E3F-96F8-BB923417AC10}.Release|Any CPU.Build.0 = Release|Any CPU
		{303BC29E-DD8B-4F20-A90A-106849D43A6B}.Debug|Any CPU.ActiveCfg = Debug|Any CPU
		{303BC29E-DD8B-4F20-A90A-106849D43A6B}.Debug|Any CPU.Build.0 = Debug|Any CPU
		{303BC29E-DD8B-4F20-A90A-106849D43A6B}.Release|Any CPU.ActiveCfg = Release|Any CPU
		{303BC29E-DD8B-4F20-A90A-106849D43A6B}.Release|Any CPU.Build.0 = Release|Any CPU
	EndGlobalSection
	GlobalSection(SolutionProperties) = preSolution
		HideSolutionNode = FALSE
	EndGlobalSection
EndGlobal
